
Microsoft Visual Studio Solution File, Format Version 12.00
# Visual Studio 14
VisualStudioVersion = 14.0.24720.0
MinimumVisualStudioVersion = 10.0.40219.1
Project("{F184B08F-C81C-45F6-A57F-5ABD9991F28F}") = "ORDERS_VER_2", "ORDERS_VER_2\ORDERS_VER_2.vbproj", "{9EB801BA-CE62-4896-AF1C-5FD86DB51816}"
EndProject
Global
	GlobalSection(SolutionConfigurationPlatforms) = preSolution
		Debug|Any CPU = Debug|Any CPU
		Release|Any CPU = Release|Any CPU
	EndGlobalSection
	GlobalSection(ProjectConfigurationPlatforms) = postSolution
		{9EB801BA-CE62-4896-AF1C-5FD86DB51816}.Debug|Any CPU.ActiveCfg = Debug|Any CPU
		{9EB801BA-CE62-4896-AF1C-5FD86DB51816}.Debug|Any CPU.Build.0 = Debug|Any CPU
		{9EB801BA-CE62-4896-AF1C-5FD86DB51816}.Release|Any CPU.ActiveCfg = Release|Any CPU
		{9EB801BA-CE62-4896-AF1C-5FD86DB51816}.Release|Any CPU.Build.0 = Release|Any CPU
	EndGlobalSection
	GlobalSection(SolutionProperties) = preSolution
		HideSolutionNode = FALSE
	EndGlobalSection
EndGlobal
